
Microsoft Visual Studio Solution File, Format Version 12.00
# Visual Studio Version 16
VisualStudioVersion = 16.0.30002.166
MinimumVisualStudioVersion = 10.0.40219.1
Project("{FAE04EC0-301F-11D3-BF4B-00C04F79EFBC}") = "Lab6", "Lab6.csproj", "{23F265A3-340E-4B9A-B60F-2117EF387A73}"
EndProject
Global
	GlobalSection(SolutionConfigurationPlatforms) = preSolution
		Debug|Any CPU = Debug|Any CPU
		Release|Any CPU = Release|Any CPU
	EndGlobalSection
	GlobalSection(ProjectConfigurationPlatforms) = postSolution
		{23F265A3-340E-4B9A-B60F-2117EF387A73}.Debug|Any CPU.ActiveCfg = Debug|Any CPU
		{23F265A3-340E-4B9A-B60F-2117EF387A73}.Debug|Any CPU.Build.0 = Debug|Any CPU
		{23F265A3-340E-4B9A-B60F-2117EF387A73}.Release|Any CPU.ActiveCfg = Release|Any CPU
		{23F265A3-340E-4B9A-B60F-2117EF387A73}.Release|Any CPU.Build.0 = Release|Any CPU
	EndGlobalSection
	GlobalSection(SolutionProperties) = preSolution
		HideSolutionNode = FALSE
	EndGlobalSection
	GlobalSection(ExtensibilityGlobals) = postSolution
		SolutionGuid = {6FB14894-B9DA-4027-B82D-E4810F57F6F1}
	EndGlobalSection
EndGlobal
